// !$*UTF8*$!
{
	archiveVersion = 1;
	classes = {
	};
	objectVersion = 77;
	objects = {

/* Begin PBXBuildFile section */
		97BFEFFA2F7BC99800C9495F /* UITests.xctestplan in Resources */ = {isa = PBXBuildFile; fileRef = 97BFEFF92F7BC99800C9495F /* UITests.xctestplan */; };
		97C2DB152F6AB39500454255 /* Unittests.xctestplan in Resources */ = {isa = PBXBuildFile; fileRef = 97C2DB142F6AB39500454255 /* Unittests.xctestplan */; };
		97D066412F8657A700FB4C0B /* Alltests.xctestplan in Resources */ = {isa = PBXBuildFile; fileRef = 97D066402F8657A700FB4C0B /* Alltests.xctestplan */; };
/* End PBXBuildFile section */

/* Begin PBXContainerItemProxy section */
		972E93AE2F7BC67300BB8979 /* PBXContainerItemProxy */ = {
			isa = PBXContainerItemProxy;
			containerPortal = F1845EE62F59945F00E27D2B /* Project object */;
			proxyType = 1;
			remoteGlobalIDString = F1845EED2F59945F00E27D2B;
			remoteInfo = "P8-Product";
		};
		97C2DB1E2F6AB3F100454255 /* PBXContainerItemProxy */ = {
			isa = PBXContainerItemProxy;
			containerPortal = F1845EE62F59945F00E27D2B /* Project object */;
			proxyType = 1;
			remoteGlobalIDString = F1845EED2F59945F00E27D2B;
			remoteInfo = "P8-Product";
		};
/* End PBXContainerItemProxy section */

/* Begin PBXFileReference section */
		972E93A82F7BC67300BB8979 /* P8-ProductUITests.xctest */ = {isa = PBXFileReference; explicitFileType = wrapper.cfbundle; includeInIndex = 0; path = "P8-ProductUITests.xctest"; sourceTree = BUILT_PRODUCTS_DIR; };
		97BFEFF92F7BC99800C9495F /* UITests.xctestplan */ = {isa = PBXFileReference; lastKnownFileType = text; path = UITests.xctestplan; sourceTree = "<group>"; };
		97C2DB142F6AB39500454255 /* Unittests.xctestplan */ = {isa = PBXFileReference; lastKnownFileType = text; path = Unittests.xctestplan; sourceTree = "<group>"; };
		97C2DB1A2F6AB3F100454255 /* PipelineTests.xctest */ = {isa = PBXFileReference; explicitFileType = wrapper.cfbundle; includeInIndex = 0; path = PipelineTests.xctest; sourceTree = BUILT_PRODUCTS_DIR; };
		97D066402F8657A700FB4C0B /* Alltests.xctestplan */ = {isa = PBXFileReference; lastKnownFileType = text; path = Alltests.xctestplan; sourceTree = "<group>"; };
		F1845EEE2F59945F00E27D2B /* P8-Product.app */ = {isa = PBXFileReference; explicitFileType = wrapper.application; includeInIndex = 0; path = "P8-Product.app"; sourceTree = BUILT_PRODUCTS_DIR; };
/* End PBXFileReference section */

/* Begin PBXFileSystemSynchronizedBuildFileExceptionSet section */
		7AD89F892F87B66800A2C5F0 /* Exceptions for "Tests" folder in "P8-ProductUITests" target */ = {
			isa = PBXFileSystemSynchronizedBuildFileExceptionSet;
			membershipExceptions = (
				UITests/CameraViewUITests.swift,
				UITests/CompareViewUITests.swift,
				UITests/Helpers.swift,
				UITests/ImageCarouselUITests.swift,
				UITests/OverviewUITests.swift,
				UITests/ProductUITestsLaunchTests.swift,
				UITests/ReminderViewUITests.swift,
				UITests/TabStateUITests.swift,
			);
			target = 972E93A72F7BC67300BB8979 /* P8-ProductUITests */;
		};
		97C2DB282F6AB49400454255 /* Exceptions for "Tests" folder in "PipelineTests" target */ = {
			isa = PBXFileSystemSynchronizedBuildFileExceptionSet;
			membershipExceptions = (
				ChartViewTest.swift,
				ReminderOverview/ReminderOverview.swift,
				SAMPipelineTests/SAM3DecoderTests.swift,
				SAMPipelineTests/SAM3DetectionTests.swift,
				SAMPipelineTests/SAM3FeatureNamesTests.swift,
				SAMPipelineTests/SAM3ImagePreprocessorTests.swift,
				SAMPipelineTests/SAM3ModelsTests.swift,
				SAMPipelineTests/TestHelpers.swift,
			);
			target = 97C2DB192F6AB3F100454255 /* PipelineTests */;
		};
		97C2DB302F6AB49400454255 /* Exceptions for "MoleImagePipeline" folder in "P8-Product" target */ = {
			isa = PBXFileSystemSynchronizedBuildFileExceptionSet;
			membershipExceptions = (
				"models/sam3.1-coreml-fp16/.gitattributes",
			);
			target = F1845EED2F59945F00E27D2B /* P8-Product */;
		};
		97C2DB312F6AB49400454255 /* Exceptions for "MoleImagePipeline" folder in "PipelineTests" target */ = {
			isa = PBXFileSystemSynchronizedBuildFileExceptionSet;
			membershipExceptions = (
				"models/sam3.1-coreml-fp16/.gitattributes",
			);
			target = 97C2DB192F6AB3F100454255 /* PipelineTests */;
		};
		DB2D85A72F8F8F6B00D8E438 /* Exceptions for "Tests" folder in "P8-Product" target */ = {
			isa = PBXFileSystemSynchronizedBuildFileExceptionSet;
			membershipExceptions = (
				ChartViewTest.swift,
				ReminderOverview/ReminderOverview.swift,
				SAMPipelineTests/SAM3DecoderTests.swift,
				SAMPipelineTests/SAM3DetectionTests.swift,
				SAMPipelineTests/SAM3FeatureNamesTests.swift,
				SAMPipelineTests/SAM3ImagePreprocessorTests.swift,
				SAMPipelineTests/SAM3ModelsTests.swift,
				SAMPipelineTests/TestHelpers.swift,
				UITests/CameraViewUITests.swift,
				UITests/CompareViewUITests.swift,
				UITests/Helpers.swift,
				UITests/ImageCarouselUITests.swift,
				UITests/OverviewUITests.swift,
				UITests/ProductUITestsLaunchTests.swift,
				UITests/ReminderViewUITests.swift,
				UITests/TabStateUITests.swift,
			);
			target = F1845EED2F59945F00E27D2B /* P8-Product */;
		};
/* End PBXFileSystemSynchronizedBuildFileExceptionSet section */

/* Begin PBXFileSystemSynchronizedRootGroup section */
		97C2DAEC2F6AAFA600454255 /* MoleImagePipeline */ = {
			isa = PBXFileSystemSynchronizedRootGroup;
			exceptions = (
				97C2DB302F6AB49400454255 /* Exceptions for "MoleImagePipeline" folder in "P8-Product" target */,
				97C2DB312F6AB49400454255 /* Exceptions for "MoleImagePipeline" folder in "PipelineTests" target */,
			);
			path = MoleImagePipeline;
			sourceTree = "<group>";
		};
		97C2DB232F6AB48B00454255 /* Tests */ = {
			isa = PBXFileSystemSynchronizedRootGroup;
			exceptions = (
				DB2D85A72F8F8F6B00D8E438 /* Exceptions for "Tests" folder in "P8-Product" target */,
				97C2DB282F6AB49400454255 /* Exceptions for "Tests" folder in "PipelineTests" target */,
				7AD89F892F87B66800A2C5F0 /* Exceptions for "Tests" folder in "P8-ProductUITests" target */,
			);
			path = Tests;
			sourceTree = "<group>";
		};
		F1845EF02F59945F00E27D2B /* P8-Product */ = {
			isa = PBXFileSystemSynchronizedRootGroup;
			path = "P8-Product";
			sourceTree = "<group>";
		};
/* End PBXFileSystemSynchronizedRootGroup section */

/* Begin PBXFrameworksBuildPhase section */
		972E93A52F7BC67300BB8979 /* Frameworks */ = {
			isa = PBXFrameworksBuildPhase;
			buildActionMask = 2147483647;
			files = (
			);
			runOnlyForDeploymentPostprocessing = 0;
		};
		97C2DB172F6AB3F100454255 /* Frameworks */ = {
			isa = PBXFrameworksBuildPhase;
			buildActionMask = 2147483647;
			files = (
			);
			runOnlyForDeploymentPostprocessing = 0;
		};
		F1845EEB2F59945F00E27D2B /* Frameworks */ = {
			isa = PBXFrameworksBuildPhase;
			buildActionMask = 2147483647;
			files = (
			);
			runOnlyForDeploymentPostprocessing = 0;
		};
/* End PBXFrameworksBuildPhase section */

/* Begin PBXGroup section */
		F1845EE52F59945F00E27D2B = {
			isa = PBXGroup;
			children = (
				97D066402F8657A700FB4C0B /* Alltests.xctestplan */,
				97BFEFF92F7BC99800C9495F /* UITests.xctestplan */,
				97C2DB142F6AB39500454255 /* Unittests.xctestplan */,
				97C2DB232F6AB48B00454255 /* Tests */,
				97C2DAEC2F6AAFA600454255 /* MoleImagePipeline */,
				F1845EF02F59945F00E27D2B /* P8-Product */,
				F1845EEF2F59945F00E27D2B /* Products */,
			);
			sourceTree = "<group>";
		};
		F1845EEF2F59945F00E27D2B /* Products */ = {
			isa = PBXGroup;
			children = (
				F1845EEE2F59945F00E27D2B /* P8-Product.app */,
				97C2DB1A2F6AB3F100454255 /* PipelineTests.xctest */,
				972E93A82F7BC67300BB8979 /* P8-ProductUITests.xctest */,
			);
			name = Products;
			sourceTree = "<group>";
		};
/* End PBXGroup section */

/* Begin PBXNativeTarget section */
		972E93A72F7BC67300BB8979 /* P8-ProductUITests */ = {
			isa = PBXNativeTarget;
			buildConfigurationList = 972E93B02F7BC67300BB8979 /* Build configuration list for PBXNativeTarget "P8-ProductUITests" */;
			buildPhases = (
				972E93A42F7BC67300BB8979 /* Sources */,
				972E93A52F7BC67300BB8979 /* Frameworks */,
				972E93A62F7BC67300BB8979 /* Resources */,
			);
			buildRules = (
			);
			dependencies = (
				972E93AF2F7BC67300BB8979 /* PBXTargetDependency */,
			);
			name = "P8-ProductUITests";
			packageProductDependencies = (
			);
			productName = "P8-ProductUITests";
			productReference = 972E93A82F7BC67300BB8979 /* P8-ProductUITests.xctest */;
			productType = "com.apple.product-type.bundle.ui-testing";
		};
		97C2DB192F6AB3F100454255 /* PipelineTests */ = {
			isa = PBXNativeTarget;
			buildConfigurationList = 97C2DB202F6AB3F100454255 /* Build configuration list for PBXNativeTarget "PipelineTests" */;
			buildPhases = (
				97C2DB162F6AB3F100454255 /* Sources */,
				97C2DB172F6AB3F100454255 /* Frameworks */,
				97C2DB182F6AB3F100454255 /* Resources */,
			);
			buildRules = (
			);
			dependencies = (
				97C2DB1F2F6AB3F100454255 /* PBXTargetDependency */,
			);
			name = PipelineTests;
			packageProductDependencies = (
			);
			productName = PipelineTests;
			productReference = 97C2DB1A2F6AB3F100454255 /* PipelineTests.xctest */;
			productType = "com.apple.product-type.bundle.unit-test";
		};
		F1845EED2F59945F00E27D2B /* P8-Product */ = {
			isa = PBXNativeTarget;
			buildConfigurationList = F1845EF92F59946000E27D2B /* Build configuration list for PBXNativeTarget "P8-Product" */;
			buildPhases = (
				F1845EEA2F59945F00E27D2B /* Sources */,
				F1845EEB2F59945F00E27D2B /* Frameworks */,
				F1845EEC2F59945F00E27D2B /* Resources */,
			);
			buildRules = (
			);
			dependencies = (
			);
			fileSystemSynchronizedGroups = (
				97C2DAEC2F6AAFA600454255 /* MoleImagePipeline */,
				97C2DB232F6AB48B00454255 /* Tests */,
				F1845EF02F59945F00E27D2B /* P8-Product */,
			);
			name = "P8-Product";
			packageProductDependencies = (
			);
			productName = "P8-Product";
			productReference = F1845EEE2F59945F00E27D2B /* P8-Product.app */;
			productType = "com.apple.product-type.application";
		};
/* End PBXNativeTarget section */

/* Begin PBXProject section */
		F1845EE62F59945F00E27D2B /* Project object */ = {
			isa = PBXProject;
			attributes = {
				BuildIndependentTargetsInParallel = 1;
				LastSwiftUpdateCheck = 2630;
				LastUpgradeCheck = 2630;
				TargetAttributes = {
					972E93A72F7BC67300BB8979 = {
						CreatedOnToolsVersion = 26.3;
						TestTargetID = F1845EED2F59945F00E27D2B;
					};
					97C2DB192F6AB3F100454255 = {
						CreatedOnToolsVersion = 26.3;
						TestTargetID = F1845EED2F59945F00E27D2B;
					};
					F1845EED2F59945F00E27D2B = {
						CreatedOnToolsVersion = 26.3;
					};
				};
			};
			buildConfigurationList = F1845EE92F59945F00E27D2B /* Build configuration list for PBXProject "P8-Product" */;
			developmentRegion = en;
			hasScannedForEncodings = 0;
			knownRegions = (
				en,
				Base,
			);
			mainGroup = F1845EE52F59945F00E27D2B;
			minimizedProjectReferenceProxies = 1;
			preferredProjectObjectVersion = 77;
			productRefGroup = F1845EEF2F59945F00E27D2B /* Products */;
			projectDirPath = "";
			projectRoot = "";
			targets = (
				F1845EED2F59945F00E27D2B /* P8-Product */,
				97C2DB192F6AB3F100454255 /* PipelineTests */,
				972E93A72F7BC67300BB8979 /* P8-ProductUITests */,
			);
		};
/* End PBXProject section */

/* Begin PBXResourcesBuildPhase section */
		972E93A62F7BC67300BB8979 /* Resources */ = {
			isa = PBXResourcesBuildPhase;
			buildActionMask = 2147483647;
			files = (
			);
			runOnlyForDeploymentPostprocessing = 0;
		};
		97C2DB182F6AB3F100454255 /* Resources */ = {
			isa = PBXResourcesBuildPhase;
			buildActionMask = 2147483647;
			files = (
			);
			runOnlyForDeploymentPostprocessing = 0;
		};
		F1845EEC2F59945F00E27D2B /* Resources */ = {
			isa = PBXResourcesBuildPhase;
			buildActionMask = 2147483647;
			files = (
				97C2DB152F6AB39500454255 /* Unittests.xctestplan in Resources */,
				97BFEFFA2F7BC99800C9495F /* UITests.xctestplan in Resources */,
				97D066412F8657A700FB4C0B /* Alltests.xctestplan in Resources */,
			);
			runOnlyForDeploymentPostprocessing = 0;
		};
/* End PBXResourcesBuildPhase section */

/* Begin PBXSourcesBuildPhase section */
		972E93A42F7BC67300BB8979 /* Sources */ = {
			isa = PBXSourcesBuildPhase;
			buildActionMask = 2147483647;
			files = (
			);
			runOnlyForDeploymentPostprocessing = 0;
		};
		97C2DB162F6AB3F100454255 /* Sources */ = {
			isa = PBXSourcesBuildPhase;
			buildActionMask = 2147483647;
			files = (
			);
			runOnlyForDeploymentPostprocessing = 0;
		};
		F1845EEA2F59945F00E27D2B /* Sources */ = {
			isa = PBXSourcesBuildPhase;
			buildActionMask = 2147483647;
			files = (
			);
			runOnlyForDeploymentPostprocessing = 0;
		};
/* End PBXSourcesBuildPhase section */

/* Begin PBXTargetDependency section */
		972E93AF2F7BC67300BB8979 /* PBXTargetDependency */ = {
			isa = PBXTargetDependency;
			target = F1845EED2F59945F00E27D2B /* P8-Product */;
			targetProxy = 972E93AE2F7BC67300BB8979 /* PBXContainerItemProxy */;
		};
		97C2DB1F2F6AB3F100454255 /* PBXTargetDependency */ = {
			isa = PBXTargetDependency;
			target = F1845EED2F59945F00E27D2B /* P8-Product */;
			targetProxy = 97C2DB1E2F6AB3F100454255 /* PBXContainerItemProxy */;
		};
/* End PBXTargetDependency section */

/* Begin XCBuildConfiguration section */
		972E93B12F7BC67300BB8979 /* Debug */ = {
			isa = XCBuildConfiguration;
			buildSettings = {
				CODE_SIGN_STYLE = Automatic;
				CURRENT_PROJECT_VERSION = 1;
				DEVELOPMENT_TEAM = UNU52H7255;
				GENERATE_INFOPLIST_FILE = YES;
				MARKETING_VERSION = 1.0;
				PRODUCT_BUNDLE_IDENTIFIER = "test.P8-ProductUITests-PeterRahr";
				PRODUCT_NAME = "$(TARGET_NAME)";
				STRING_CATALOG_GENERATE_SYMBOLS = NO;
				SUPPORTED_PLATFORMS = "iphoneos iphonesimulator";
				SUPPORTS_MACCATALYST = NO;
				SUPPORTS_MAC_DESIGNED_FOR_IPHONE_IPAD = NO;
				SUPPORTS_XR_DESIGNED_FOR_IPHONE_IPAD = NO;
				SWIFT_APPROACHABLE_CONCURRENCY = YES;
				SWIFT_EMIT_LOC_STRINGS = NO;
				SWIFT_UPCOMING_FEATURE_MEMBER_IMPORT_VISIBILITY = YES;
				SWIFT_VERSION = 5.0;
				TARGETED_DEVICE_FAMILY = 1;
				TEST_TARGET_NAME = "P8-Product";
			};
			name = Debug;
		};
		972E93B22F7BC67300BB8979 /* Release */ = {
			isa = XCBuildConfiguration;
			buildSettings = {
				CODE_SIGN_STYLE = Automatic;
				CURRENT_PROJECT_VERSION = 1;
				DEVELOPMENT_TEAM = UNU52H7255;
				GENERATE_INFOPLIST_FILE = YES;
				MARKETING_VERSION = 1.0;
				PRODUCT_BUNDLE_IDENTIFIER = "test.P8-ProductUITests-PeterRahr";
				PRODUCT_NAME = "$(TARGET_NAME)";
				STRING_CATALOG_GENERATE_SYMBOLS = NO;
				SUPPORTED_PLATFORMS = "iphoneos iphonesimulator";
				SUPPORTS_MACCATALYST = NO;
				SUPPORTS_MAC_DESIGNED_FOR_IPHONE_IPAD = NO;
				SUPPORTS_XR_DESIGNED_FOR_IPHONE_IPAD = NO;
				SWIFT_APPROACHABLE_CONCURRENCY = YES;
				SWIFT_EMIT_LOC_STRINGS = NO;
				SWIFT_UPCOMING_FEATURE_MEMBER_IMPORT_VISIBILITY = YES;
				SWIFT_VERSION = 5.0;
				TARGETED_DEVICE_FAMILY = 1;
				TEST_TARGET_NAME = "P8-Product";
			};
			name = Release;
		};
		97C2DB212F6AB3F100454255 /* Debug */ = {
			isa = XCBuildConfiguration;
			buildSettings = {
				BUNDLE_LOADER = "$(TEST_HOST)";
				CODE_SIGN_STYLE = Automatic;
				CURRENT_PROJECT_VERSION = 1;
				DEVELOPMENT_TEAM = UNU52H7255;
				GENERATE_INFOPLIST_FILE = YES;
				IPHONEOS_DEPLOYMENT_TARGET = 26.2;
				MACOSX_DEPLOYMENT_TARGET = 26.2;
				MARKETING_VERSION = 1.0;
				PRODUCT_BUNDLE_IDENTIFIER = test.PipelineTests;
				PRODUCT_NAME = "$(TARGET_NAME)";
				SDKROOT = auto;
				STRING_CATALOG_GENERATE_SYMBOLS = NO;
				SUPPORTED_PLATFORMS = "iphoneos iphonesimulator";
				SUPPORTS_MACCATALYST = NO;
				SWIFT_APPROACHABLE_CONCURRENCY = YES;
				SWIFT_EMIT_LOC_STRINGS = NO;
				SWIFT_UPCOMING_FEATURE_MEMBER_IMPORT_VISIBILITY = YES;
				SWIFT_VERSION = 5.0;
				TARGETED_DEVICE_FAMILY = 1;
				TEST_HOST = "$(BUILT_PRODUCTS_DIR)/P8-Product.app/$(BUNDLE_EXECUTABLE_FOLDER_PATH)/P8-Product";
				XROS_DEPLOYMENT_TARGET = 26.2;
			};
			name = Debug;
		};
		97C2DB222F6AB3F100454255 /* Release */ = {
			isa = XCBuildConfiguration;
			buildSettings = {
				BUNDLE_LOADER = "$(TEST_HOST)";
				CODE_SIGN_STYLE = Automatic;
				CURRENT_PROJECT_VERSION = 1;
				DEVELOPMENT_TEAM = UNU52H7255;
				GENERATE_INFOPLIST_FILE = YES;
				IPHONEOS_DEPLOYMENT_TARGET = 26.2;
				MACOSX_DEPLOYMENT_TARGET = 26.2;
				MARKETING_VERSION = 1.0;
				PRODUCT_BUNDLE_IDENTIFIER = test.PipelineTests;
				PRODUCT_NAME = "$(TARGET_NAME)";
				SDKROOT = auto;
				STRING_CATALOG_GENERATE_SYMBOLS = NO;
				SUPPORTED_PLATFORMS = "iphoneos iphonesimulator";
				SUPPORTS_MACCATALYST = NO;
				SWIFT_APPROACHABLE_CONCURRENCY = YES;
				SWIFT_EMIT_LOC_STRINGS = NO;
				SWIFT_UPCOMING_FEATURE_MEMBER_IMPORT_VISIBILITY = YES;
				SWIFT_VERSION = 5.0;
				TARGETED_DEVICE_FAMILY = 1;
				TEST_HOST = "$(BUILT_PRODUCTS_DIR)/P8-Product.app/$(BUNDLE_EXECUTABLE_FOLDER_PATH)/P8-Product";
				XROS_DEPLOYMENT_TARGET = 26.2;
			};
			name = Release;
		};
		F1845EF72F59946000E27D2B /* Debug */ = {
			isa = XCBuildConfiguration;
			buildSettings = {
				ALWAYS_SEARCH_USER_PATHS = NO;
				ASSETCATALOG_COMPILER_GENERATE_SWIFT_ASSET_SYMBOL_EXTENSIONS = YES;
				CLANG_ANALYZER_NONNULL = YES;
				CLANG_ANALYZER_NUMBER_OBJECT_CONVERSION = YES_AGGRESSIVE;
				CLANG_CXX_LANGUAGE_STANDARD = "gnu++20";
				CLANG_ENABLE_MODULES = YES;
				CLANG_ENABLE_OBJC_ARC = YES;
				CLANG_ENABLE_OBJC_WEAK = YES;
				CLANG_WARN_BLOCK_CAPTURE_AUTORELEASING = YES;
				CLANG_WARN_BOOL_CONVERSION = YES;
				CLANG_WARN_COMMA = YES;
				CLANG_WARN_CONSTANT_CONVERSION = YES;
				CLANG_WARN_DEPRECATED_OBJC_IMPLEMENTATIONS = YES;
				CLANG_WARN_DIRECT_OBJC_ISA_USAGE = YES_ERROR;
				CLANG_WARN_DOCUMENTATION_COMMENTS = YES;
				CLANG_WARN_EMPTY_BODY = YES;
				CLANG_WARN_ENUM_CONVERSION = YES;
				CLANG_WARN_INFINITE_RECURSION = YES;
				CLANG_WARN_INT_CONVERSION = YES;
				CLANG_WARN_NON_LITERAL_NULL_CONVERSION = YES;
				CLANG_WARN_OBJC_IMPLICIT_RETAIN_SELF = YES;
				CLANG_WARN_OBJC_LITERAL_CONVERSION = YES;
				CLANG_WARN_OBJC_ROOT_CLASS = YES_ERROR;
				CLANG_WARN_QUOTED_INCLUDE_IN_FRAMEWORK_HEADER = YES;
				CLANG_WARN_RANGE_LOOP_ANALYSIS = YES;
				CLANG_WARN_STRICT_PROTOTYPES = YES;
				CLANG_WARN_SUSPICIOUS_MOVE = YES;
				CLANG_WARN_UNGUARDED_AVAILABILITY = YES_AGGRESSIVE;
				CLANG_WARN_UNREACHABLE_CODE = YES;
				CLANG_WARN__DUPLICATE_METHOD_MATCH = YES;
				COPY_PHASE_STRIP = NO;
				DEBUG_INFORMATION_FORMAT = dwarf;
				DEVELOPMENT_TEAM = JE5R9S88TC;
				ENABLE_STRICT_OBJC_MSGSEND = YES;
				ENABLE_TESTABILITY = YES;
				ENABLE_USER_SCRIPT_SANDBOXING = YES;
				GCC_C_LANGUAGE_STANDARD = gnu17;
				GCC_DYNAMIC_NO_PIC = NO;
				GCC_NO_COMMON_BLOCKS = YES;
				GCC_OPTIMIZATION_LEVEL = 0;
				GCC_PREPROCESSOR_DEFINITIONS = (
					"DEBUG=1",
					"$(inherited)",
				);
				GCC_WARN_64_TO_32_BIT_CONVERSION = YES;
				GCC_WARN_ABOUT_RETURN_TYPE = YES_ERROR;
				GCC_WARN_UNDECLARED_SELECTOR = YES;
				GCC_WARN_UNINITIALIZED_AUTOS = YES_AGGRESSIVE;
				GCC_WARN_UNUSED_FUNCTION = YES;
				GCC_WARN_UNUSED_VARIABLE = YES;
				IPHONEOS_DEPLOYMENT_TARGET = 26.2;
				LOCALIZATION_PREFERS_STRING_CATALOGS = YES;
				MTL_ENABLE_DEBUG_INFO = INCLUDE_SOURCE;
				MTL_FAST_MATH = YES;
				ONLY_ACTIVE_ARCH = YES;
				SDKROOT = iphoneos;
				SWIFT_ACTIVE_COMPILATION_CONDITIONS = "DEBUG $(inherited)";
				SWIFT_OPTIMIZATION_LEVEL = "-Onone";
			};
			name = Debug;
		};
		F1845EF82F59946000E27D2B /* Release */ = {
			isa = XCBuildConfiguration;
			buildSettings = {
				ALWAYS_SEARCH_USER_PATHS = NO;
				ASSETCATALOG_COMPILER_GENERATE_SWIFT_ASSET_SYMBOL_EXTENSIONS = YES;
				CLANG_ANALYZER_NONNULL = YES;
				CLANG_ANALYZER_NUMBER_OBJECT_CONVERSION = YES_AGGRESSIVE;
				CLANG_CXX_LANGUAGE_STANDARD = "gnu++20";
				CLANG_ENABLE_MODULES = YES;
				CLANG_ENABLE_OBJC_ARC = YES;
				CLANG_ENABLE_OBJC_WEAK = YES;
				CLANG_WARN_BLOCK_CAPTURE_AUTORELEASING = YES;
				CLANG_WARN_BOOL_CONVERSION = YES;
				CLANG_WARN_COMMA = YES;
				CLANG_WARN_CONSTANT_CONVERSION = YES;
				CLANG_WARN_DEPRECATED_OBJC_IMPLEMENTATIONS = YES;
				CLANG_WARN_DIRECT_OBJC_ISA_USAGE = YES_ERROR;
				CLANG_WARN_DOCUMENTATION_COMMENTS = YES;
				CLANG_WARN_EMPTY_BODY = YES;
				CLANG_WARN_ENUM_CONVERSION = YES;
				CLANG_WARN_INFINITE_RECURSION = YES;
				CLANG_WARN_INT_CONVERSION = YES;
				CLANG_WARN_NON_LITERAL_NULL_CONVERSION = YES;
				CLANG_WARN_OBJC_IMPLICIT_RETAIN_SELF = YES;
				CLANG_WARN_OBJC_LITERAL_CONVERSION = YES;
				CLANG_WARN_OBJC_ROOT_CLASS = YES_ERROR;
				CLANG_WARN_QUOTED_INCLUDE_IN_FRAMEWORK_HEADER = YES;
				CLANG_WARN_RANGE_LOOP_ANALYSIS = YES;
				CLANG_WARN_STRICT_PROTOTYPES = YES;
				CLANG_WARN_SUSPICIOUS_MOVE = YES;
				CLANG_WARN_UNGUARDED_AVAILABILITY = YES_AGGRESSIVE;
				CLANG_WARN_UNREACHABLE_CODE = YES;
				CLANG_WARN__DUPLICATE_METHOD_MATCH = YES;
				COPY_PHASE_STRIP = NO;
				DEBUG_INFORMATION_FORMAT = "dwarf-with-dsym";
				DEVELOPMENT_TEAM = JE5R9S88TC;
				ENABLE_NS_ASSERTIONS = NO;
				ENABLE_STRICT_OBJC_MSGSEND = YES;
				ENABLE_USER_SCRIPT_SANDBOXING = YES;
				GCC_C_LANGUAGE_STANDARD = gnu17;
				GCC_NO_COMMON_BLOCKS = YES;
				GCC_WARN_64_TO_32_BIT_CONVERSION = YES;
				GCC_WARN_ABOUT_RETURN_TYPE = YES_ERROR;
				GCC_WARN_UNDECLARED_SELECTOR = YES;
				GCC_WARN_UNINITIALIZED_AUTOS = YES_AGGRESSIVE;
				GCC_WARN_UNUSED_FUNCTION = YES;
				GCC_WARN_UNUSED_VARIABLE = YES;
				IPHONEOS_DEPLOYMENT_TARGET = 26.2;
				LOCALIZATION_PREFERS_STRING_CATALOGS = YES;
				MTL_ENABLE_DEBUG_INFO = NO;
				MTL_FAST_MATH = YES;
				SDKROOT = iphoneos;
				SWIFT_COMPILATION_MODE = wholemodule;
				VALIDATE_PRODUCT = YES;
			};
			name = Release;
		};
		F1845EFA2F59946000E27D2B /* Debug */ = {
			isa = XCBuildConfiguration;
			buildSettings = {
				ASSETCATALOG_COMPILER_APPICON_NAME = AppIcon;
				ASSETCATALOG_COMPILER_GLOBAL_ACCENT_COLOR_NAME = AccentColor;
				CODE_SIGN_ENTITLEMENTS = "P8-Product/P8-Product.entitlements";
				CODE_SIGN_STYLE = Automatic;
				CURRENT_PROJECT_VERSION = 1;
				DEVELOPMENT_TEAM = UNU52H7255;
				ENABLE_PREVIEWS = YES;
				GENERATE_INFOPLIST_FILE = YES;
				INFOPLIST_KEY_CFBundleDisplayName = SPOT;
				INFOPLIST_KEY_NSCameraUsageDescription = CAMERA_USAGE_DESCRIPTION;
				INFOPLIST_KEY_UIApplicationSupportsIndirectInputEvents = YES;
				INFOPLIST_KEY_UILaunchScreen_Generation = YES;
				INFOPLIST_KEY_UIRequiredDeviceCapabilities = arkit;
				INFOPLIST_KEY_UIStatusBarHidden = YES;
				INFOPLIST_KEY_UISupportedInterfaceOrientations = UIInterfaceOrientationPortrait;
				INFOPLIST_KEY_UISupportedInterfaceOrientations_iPad = "UIInterfaceOrientationLandscapeLeft UIInterfaceOrientationLandscapeRight UIInterfaceOrientationPortrait UIInterfaceOrientationPortraitUpsideDown";
				IPHONEOS_DEPLOYMENT_TARGET = 26.2;
				LD_RUNPATH_SEARCH_PATHS = (
					"$(inherited)",
					"@executable_path/Frameworks",
				);
				MARKETING_VERSION = 1.0;
				PRODUCT_BUNDLE_IDENTIFIER = "swp8.P8-Product-PeterRahr";
				PRODUCT_NAME = "$(TARGET_NAME)";
				STRING_CATALOG_GENERATE_SYMBOLS = YES;
				SUPPORTED_PLATFORMS = "iphoneos iphonesimulator";
				SUPPORTS_MACCATALYST = NO;
				SUPPORTS_MAC_DESIGNED_FOR_IPHONE_IPAD = NO;
				SUPPORTS_XR_DESIGNED_FOR_IPHONE_IPAD = NO;
				SWIFT_APPROACHABLE_CONCURRENCY = YES;
				SWIFT_DEFAULT_ACTOR_ISOLATION = MainActor;
				SWIFT_EMIT_LOC_STRINGS = YES;
				SWIFT_UPCOMING_FEATURE_MEMBER_IMPORT_VISIBILITY = YES;
				SWIFT_VERSION = 5.0;
				TARGETED_DEVICE_FAMILY = 1;
			};
			name = Debug;
		};
		F1845EFB2F59946000E27D2B /* Release */ = {
			isa = XCBuildConfiguration;
			buildSettings = {
				ASSETCATALOG_COMPILER_APPICON_NAME = AppIcon;
				ASSETCATALOG_COMPILER_GLOBAL_ACCENT_COLOR_NAME = AccentColor;
				CODE_SIGN_ENTITLEMENTS = "P8-Product/P8-Product.entitlements";
				CODE_SIGN_STYLE = Automatic;
				CURRENT_PROJECT_VERSION = 1;
				DEVELOPMENT_TEAM = UNU52H7255;
				ENABLE_PREVIEWS = YES;
				GENERATE_INFOPLIST_FILE = YES;
				INFOPLIST_KEY_CFBundleDisplayName = SPOT;
				INFOPLIST_KEY_NSCameraUsageDescription = CAMERA_USAGE_DESCRIPTION;
				INFOPLIST_KEY_UIApplicationSupportsIndirectInputEvents = YES;
				INFOPLIST_KEY_UILaunchScreen_Generation = YES;
				INFOPLIST_KEY_UIRequiredDeviceCapabilities = arkit;
				INFOPLIST_KEY_UIStatusBarHidden = YES;
				INFOPLIST_KEY_UISupportedInterfaceOrientations = UIInterfaceOrientationPortrait;
				INFOPLIST_KEY_UISupportedInterfaceOrientations_iPad = "UIInterfaceOrientationLandscapeLeft UIInterfaceOrientationLandscapeRight UIInterfaceOrientationPortrait UIInterfaceOrientationPortraitUpsideDown";
				IPHONEOS_DEPLOYMENT_TARGET = 26.2;
				LD_RUNPATH_SEARCH_PATHS = (
					"$(inherited)",
					"@executable_path/Frameworks",
				);
				MARKETING_VERSION = 1.0;
				PRODUCT_BUNDLE_IDENTIFIER = "swp8.P8-Product-PeterRahr";
				PRODUCT_NAME = "$(TARGET_NAME)";
				STRING_CATALOG_GENERATE_SYMBOLS = YES;
				SUPPORTED_PLATFORMS = "iphoneos iphonesimulator";
				SUPPORTS_MACCATALYST = NO;
				SUPPORTS_MAC_DESIGNED_FOR_IPHONE_IPAD = NO;
				SUPPORTS_XR_DESIGNED_FOR_IPHONE_IPAD = NO;
				SWIFT_APPROACHABLE_CONCURRENCY = YES;
				SWIFT_DEFAULT_ACTOR_ISOLATION = MainActor;
				SWIFT_EMIT_LOC_STRINGS = YES;
				SWIFT_UPCOMING_FEATURE_MEMBER_IMPORT_VISIBILITY = YES;
				SWIFT_VERSION = 5.0;
				TARGETED_DEVICE_FAMILY = 1;
			};
			name = Release;
		};
/* End XCBuildConfiguration section */

/* Begin XCConfigurationList section */
		972E93B02F7BC67300BB8979 /* Build configuration list for PBXNativeTarget "P8-ProductUITests" */ = {
			isa = XCConfigurationList;
			buildConfigurations = (
				972E93B12F7BC67300BB8979 /* Debug */,
				972E93B22F7BC67300BB8979 /* Release */,
			);
			defaultConfigurationIsVisible = 0;
			defaultConfigurationName = Release;
		};
		97C2DB202F6AB3F100454255 /* Build configuration list for PBXNativeTarget "PipelineTests" */ = {
			isa = XCConfigurationList;
			buildConfigurations = (
				97C2DB212F6AB3F100454255 /* Debug */,
				97C2DB222F6AB3F100454255 /* Release */,
			);
			defaultConfigurationIsVisible = 0;
			defaultConfigurationName = Release;
		};
		F1845EE92F59945F00E27D2B /* Build configuration list for PBXProject "P8-Product" */ = {
			isa = XCConfigurationList;
			buildConfigurations = (
				F1845EF72F59946000E27D2B /* Debug */,
				F1845EF82F59946000E27D2B /* Release */,
			);
			defaultConfigurationIsVisible = 0;
			defaultConfigurationName = Release;
		};
		F1845EF92F59946000E27D2B /* Build configuration list for PBXNativeTarget "P8-Product" */ = {
			isa = XCConfigurationList;
			buildConfigurations = (
				F1845EFA2F59946000E27D2B /* Debug */,
				F1845EFB2F59946000E27D2B /* Release */,
			);
			defaultConfigurationIsVisible = 0;
			defaultConfigurationName = Release;
		};
/* End XCConfigurationList section */
	};
	rootObject = F1845EE62F59945F00E27D2B /* Project object */;
}
