// !$*UTF8*$!
{
	archiveVersion = 1;
	classes = {
	};
	objectVersion = 77;
	objects = {

/* Begin PBXBuildFile section */
		97BFB4E52F6BEF7C00CC3962 /* Ch36_1001_Specular.png in Resources */ = {isa = PBXBuildFile; fileRef = 97BFB4D52F6BEF7C00CC3962 /* Ch36_1001_Specular.png */; };
		97BFB4E62F6BEF7C00CC3962 /* Ch36_nonPBR.dae in Resources */ = {isa = PBXBuildFile; fileRef = 97BFB4D62F6BEF7C00CC3962 /* Ch36_nonPBR.dae */; };
		97BFB4E72F6BEF7C00CC3962 /* Ch36_nonPBR.scn in Resources */ = {isa = PBXBuildFile; fileRef = 97BFB4D72F6BEF7C00CC3962 /* Ch36_nonPBR.scn */; };
		97BFB4E82F6BEF7C00CC3962 /* Info.plist in Resources */ = {isa = PBXBuildFile; fileRef = 97BFB4DF2F6BEF7C00CC3962 /* Info.plist */; };
		97BFB4E92F6BEF7C00CC3962 /* Ch36_1001_Diffuse.png in Resources */ = {isa = PBXBuildFile; fileRef = 97BFB4D32F6BEF7C00CC3962 /* Ch36_1001_Diffuse.png */; };
		97BFB4EA2F6BEF7C00CC3962 /* Assets.xcassets in Resources */ = {isa = PBXBuildFile; fileRef = 97BFB4D92F6BEF7C00CC3962 /* Assets.xcassets */; };
		97BFB4EB2F6BEF7C00CC3962 /* Ch36_1001_Glossiness.png in Resources */ = {isa = PBXBuildFile; fileRef = 97BFB4D42F6BEF7C00CC3962 /* Ch36_1001_Glossiness.png */; };
		97BFB4EC2F6BEF7C00CC3962 /* BodyMapView.swift in Sources */ = {isa = PBXBuildFile; fileRef = 97BFB4DA2F6BEF7C00CC3962 /* BodyMapView.swift */; };
		97BFB4ED2F6BEF7C00CC3962 /* CompareView.swift in Sources */ = {isa = PBXBuildFile; fileRef = 97BFB4DC2F6BEF7C00CC3962 /* CompareView.swift */; };
		97BFB4EE2F6BEF7C00CC3962 /* ContentView.swift in Sources */ = {isa = PBXBuildFile; fileRef = 97BFB4DD2F6BEF7C00CC3962 /* ContentView.swift */; };
		97BFB4EF2F6BEF7C00CC3962 /* OverviewView.swift in Sources */ = {isa = PBXBuildFile; fileRef = 97BFB4E02F6BEF7C00CC3962 /* OverviewView.swift */; };
		97BFB4F02F6BEF7C00CC3962 /* Person.swift in Sources */ = {isa = PBXBuildFile; fileRef = 97BFB4E22F6BEF7C00CC3962 /* Person.swift */; };
		97BFB4F12F6BEF7C00CC3962 /* P8_Product_TestApp.swift in Sources */ = {isa = PBXBuildFile; fileRef = 97BFB4E12F6BEF7C00CC3962 /* P8_Product_TestApp.swift */; };
		97BFB4F22F6BEF7C00CC3962 /* CameraView.swift in Sources */ = {isa = PBXBuildFile; fileRef = 97BFB4DB2F6BEF7C00CC3962 /* CameraView.swift */; };
		97BFB4F32F6BEF7C00CC3962 /* HistoryItem.swift in Sources */ = {isa = PBXBuildFile; fileRef = 97BFB4DE2F6BEF7C00CC3962 /* HistoryItem.swift */; };
		97BFB4F42F6BEF7C00CC3962 /* ReminderView.swift in Sources */ = {isa = PBXBuildFile; fileRef = 97BFB4E32F6BEF7C00CC3962 /* ReminderView.swift */; };
/* End PBXBuildFile section */

/* Begin PBXFileReference section */
		97BFB4D32F6BEF7C00CC3962 /* Ch36_1001_Diffuse.png */ = {isa = PBXFileReference; lastKnownFileType = image.png; path = Ch36_1001_Diffuse.png; sourceTree = "<group>"; };
		97BFB4D42F6BEF7C00CC3962 /* Ch36_1001_Glossiness.png */ = {isa = PBXFileReference; lastKnownFileType = image.png; path = Ch36_1001_Glossiness.png; sourceTree = "<group>"; };
		97BFB4D52F6BEF7C00CC3962 /* Ch36_1001_Specular.png */ = {isa = PBXFileReference; lastKnownFileType = image.png; path = Ch36_1001_Specular.png; sourceTree = "<group>"; };
		97BFB4D62F6BEF7C00CC3962 /* Ch36_nonPBR.dae */ = {isa = PBXFileReference; lastKnownFileType = text.xml.dae; path = Ch36_nonPBR.dae; sourceTree = "<group>"; };
		97BFB4D72F6BEF7C00CC3962 /* Ch36_nonPBR.scn */ = {isa = PBXFileReference; lastKnownFileType = file.bplist; path = Ch36_nonPBR.scn; sourceTree = "<group>"; };
		97BFB4D92F6BEF7C00CC3962 /* Assets.xcassets */ = {isa = PBXFileReference; lastKnownFileType = folder.assetcatalog; path = Assets.xcassets; sourceTree = "<group>"; };
		97BFB4DA2F6BEF7C00CC3962 /* BodyMapView.swift */ = {isa = PBXFileReference; lastKnownFileType = sourcecode.swift; path = BodyMapView.swift; sourceTree = "<group>"; };
		97BFB4DB2F6BEF7C00CC3962 /* CameraView.swift */ = {isa = PBXFileReference; lastKnownFileType = sourcecode.swift; path = CameraView.swift; sourceTree = "<group>"; };
		97BFB4DC2F6BEF7C00CC3962 /* CompareView.swift */ = {isa = PBXFileReference; lastKnownFileType = sourcecode.swift; path = CompareView.swift; sourceTree = "<group>"; };
		97BFB4DD2F6BEF7C00CC3962 /* ContentView.swift */ = {isa = PBXFileReference; lastKnownFileType = sourcecode.swift; path = ContentView.swift; sourceTree = "<group>"; };
		97BFB4DE2F6BEF7C00CC3962 /* HistoryItem.swift */ = {isa = PBXFileReference; lastKnownFileType = sourcecode.swift; path = HistoryItem.swift; sourceTree = "<group>"; };
		97BFB4DF2F6BEF7C00CC3962 /* Info.plist */ = {isa = PBXFileReference; lastKnownFileType = text.plist.xml; path = Info.plist; sourceTree = "<group>"; };
		97BFB4E02F6BEF7C00CC3962 /* OverviewView.swift */ = {isa = PBXFileReference; lastKnownFileType = sourcecode.swift; path = OverviewView.swift; sourceTree = "<group>"; };
		97BFB4E12F6BEF7C00CC3962 /* P8_Product_TestApp.swift */ = {isa = PBXFileReference; lastKnownFileType = sourcecode.swift; path = P8_Product_TestApp.swift; sourceTree = "<group>"; };
		97BFB4E22F6BEF7C00CC3962 /* Person.swift */ = {isa = PBXFileReference; lastKnownFileType = sourcecode.swift; path = Person.swift; sourceTree = "<group>"; };
		97BFB4E32F6BEF7C00CC3962 /* ReminderView.swift */ = {isa = PBXFileReference; lastKnownFileType = sourcecode.swift; path = ReminderView.swift; sourceTree = "<group>"; };
		F1845EEE2F59945F00E27D2B /* P8-Product.app */ = {isa = PBXFileReference; explicitFileType = wrapper.application; includeInIndex = 0; path = "P8-Product.app"; sourceTree = BUILT_PRODUCTS_DIR; };
/* End PBXFileReference section */

/* Begin PBXFileSystemSynchronizedRootGroup section */
		F1845EF02F59945F00E27D2B /* P8-Product */ = {
			isa = PBXFileSystemSynchronizedRootGroup;
			path = "P8-Product";
			sourceTree = "<group>";
		};
/* End PBXFileSystemSynchronizedRootGroup section */

/* Begin PBXFrameworksBuildPhase section */
		F1845EEB2F59945F00E27D2B /* Frameworks */ = {
			isa = PBXFrameworksBuildPhase;
			buildActionMask = 2147483647;
			files = (
			);
			runOnlyForDeploymentPostprocessing = 0;
		};
/* End PBXFrameworksBuildPhase section */

/* Begin PBXGroup section */
		97BFB4D82F6BEF7C00CC3962 /* Mannequin */ = {
			isa = PBXGroup;
			children = (
				97BFB4D32F6BEF7C00CC3962 /* Ch36_1001_Diffuse.png */,
				97BFB4D42F6BEF7C00CC3962 /* Ch36_1001_Glossiness.png */,
				97BFB4D52F6BEF7C00CC3962 /* Ch36_1001_Specular.png */,
				97BFB4D62F6BEF7C00CC3962 /* Ch36_nonPBR.dae */,
				97BFB4D72F6BEF7C00CC3962 /* Ch36_nonPBR.scn */,
			);
			path = Mannequin;
			sourceTree = "<group>";
		};
		97BFB4E42F6BEF7C00CC3962 /* P8-Product-Test */ = {
			isa = PBXGroup;
			children = (
				97BFB4D82F6BEF7C00CC3962 /* Mannequin */,
				97BFB4D92F6BEF7C00CC3962 /* Assets.xcassets */,
				97BFB4DA2F6BEF7C00CC3962 /* BodyMapView.swift */,
				97BFB4DB2F6BEF7C00CC3962 /* CameraView.swift */,
				97BFB4DC2F6BEF7C00CC3962 /* CompareView.swift */,
				97BFB4DD2F6BEF7C00CC3962 /* ContentView.swift */,
				97BFB4DE2F6BEF7C00CC3962 /* HistoryItem.swift */,
				97BFB4DF2F6BEF7C00CC3962 /* Info.plist */,
				97BFB4E02F6BEF7C00CC3962 /* OverviewView.swift */,
				97BFB4E12F6BEF7C00CC3962 /* P8_Product_TestApp.swift */,
				97BFB4E22F6BEF7C00CC3962 /* Person.swift */,
				97BFB4E32F6BEF7C00CC3962 /* ReminderView.swift */,
			);
			path = "P8-Product-Test";
			sourceTree = "<group>";
		};
		F1845EE52F59945F00E27D2B = {
			isa = PBXGroup;
			children = (
				97BFB4E42F6BEF7C00CC3962 /* P8-Product-Test */,
				F1845EF02F59945F00E27D2B /* P8-Product */,
				F1845EEF2F59945F00E27D2B /* Products */,
			);
			sourceTree = "<group>";
		};
		F1845EEF2F59945F00E27D2B /* Products */ = {
			isa = PBXGroup;
			children = (
				F1845EEE2F59945F00E27D2B /* P8-Product.app */,
			);
			name = Products;
			sourceTree = "<group>";
		};
/* End PBXGroup section */

/* Begin PBXNativeTarget section */
		F1845EED2F59945F00E27D2B /* P8-Product */ = {
			isa = PBXNativeTarget;
			buildConfigurationList = F1845EF92F59946000E27D2B /* Build configuration list for PBXNativeTarget "P8-Product" */;
			buildPhases = (
				F1845EEA2F59945F00E27D2B /* Sources */,
				F1845EEB2F59945F00E27D2B /* Frameworks */,
				F1845EEC2F59945F00E27D2B /* Resources */,
			);
			buildRules = (
			);
			dependencies = (
			);
			fileSystemSynchronizedGroups = (
				F1845EF02F59945F00E27D2B /* P8-Product */,
			);
			name = "P8-Product";
			packageProductDependencies = (
			);
			productName = "P8-Product";
			productReference = F1845EEE2F59945F00E27D2B /* P8-Product.app */;
			productType = "com.apple.product-type.application";
		};
/* End PBXNativeTarget section */

/* Begin PBXProject section */
		F1845EE62F59945F00E27D2B /* Project object */ = {
			isa = PBXProject;
			attributes = {
				BuildIndependentTargetsInParallel = 1;
				LastSwiftUpdateCheck = 2630;
				LastUpgradeCheck = 2630;
				TargetAttributes = {
					F1845EED2F59945F00E27D2B = {
						CreatedOnToolsVersion = 26.3;
					};
				};
			};
			buildConfigurationList = F1845EE92F59945F00E27D2B /* Build configuration list for PBXProject "P8-Product" */;
			developmentRegion = en;
			hasScannedForEncodings = 0;
			knownRegions = (
				en,
				Base,
			);
			mainGroup = F1845EE52F59945F00E27D2B;
			minimizedProjectReferenceProxies = 1;
			preferredProjectObjectVersion = 77;
			productRefGroup = F1845EEF2F59945F00E27D2B /* Products */;
			projectDirPath = "";
			projectRoot = "";
			targets = (
				F1845EED2F59945F00E27D2B /* P8-Product */,
			);
		};
/* End PBXProject section */

/* Begin PBXResourcesBuildPhase section */
		F1845EEC2F59945F00E27D2B /* Resources */ = {
			isa = PBXResourcesBuildPhase;
			buildActionMask = 2147483647;
			files = (
				97BFB4E52F6BEF7C00CC3962 /* Ch36_1001_Specular.png in Resources */,
				97BFB4E62F6BEF7C00CC3962 /* Ch36_nonPBR.dae in Resources */,
				97BFB4E72F6BEF7C00CC3962 /* Ch36_nonPBR.scn in Resources */,
				97BFB4E82F6BEF7C00CC3962 /* Info.plist in Resources */,
				97BFB4E92F6BEF7C00CC3962 /* Ch36_1001_Diffuse.png in Resources */,
				97BFB4EA2F6BEF7C00CC3962 /* Assets.xcassets in Resources */,
				97BFB4EB2F6BEF7C00CC3962 /* Ch36_1001_Glossiness.png in Resources */,
			);
			runOnlyForDeploymentPostprocessing = 0;
		};
/* End PBXResourcesBuildPhase section */

/* Begin PBXSourcesBuildPhase section */
		F1845EEA2F59945F00E27D2B /* Sources */ = {
			isa = PBXSourcesBuildPhase;
			buildActionMask = 2147483647;
			files = (
				97BFB4EC2F6BEF7C00CC3962 /* BodyMapView.swift in Sources */,
				97BFB4ED2F6BEF7C00CC3962 /* CompareView.swift in Sources */,
				97BFB4EE2F6BEF7C00CC3962 /* ContentView.swift in Sources */,
				97BFB4EF2F6BEF7C00CC3962 /* OverviewView.swift in Sources */,
				97BFB4F02F6BEF7C00CC3962 /* Person.swift in Sources */,
				97BFB4F12F6BEF7C00CC3962 /* P8_Product_TestApp.swift in Sources */,
				97BFB4F22F6BEF7C00CC3962 /* CameraView.swift in Sources */,
				97BFB4F32F6BEF7C00CC3962 /* HistoryItem.swift in Sources */,
				97BFB4F42F6BEF7C00CC3962 /* ReminderView.swift in Sources */,
			);
			runOnlyForDeploymentPostprocessing = 0;
		};
/* End PBXSourcesBuildPhase section */

/* Begin XCBuildConfiguration section */
		F1845EF72F59946000E27D2B /* Debug */ = {
			isa = XCBuildConfiguration;
			buildSettings = {
				ALWAYS_SEARCH_USER_PATHS = NO;
				ASSETCATALOG_COMPILER_GENERATE_SWIFT_ASSET_SYMBOL_EXTENSIONS = YES;
				CLANG_ANALYZER_NONNULL = YES;
				CLANG_ANALYZER_NUMBER_OBJECT_CONVERSION = YES_AGGRESSIVE;
				CLANG_CXX_LANGUAGE_STANDARD = "gnu++20";
				CLANG_ENABLE_MODULES = YES;
				CLANG_ENABLE_OBJC_ARC = YES;
				CLANG_ENABLE_OBJC_WEAK = YES;
				CLANG_WARN_BLOCK_CAPTURE_AUTORELEASING = YES;
				CLANG_WARN_BOOL_CONVERSION = YES;
				CLANG_WARN_COMMA = YES;
				CLANG_WARN_CONSTANT_CONVERSION = YES;
				CLANG_WARN_DEPRECATED_OBJC_IMPLEMENTATIONS = YES;
				CLANG_WARN_DIRECT_OBJC_ISA_USAGE = YES_ERROR;
				CLANG_WARN_DOCUMENTATION_COMMENTS = YES;
				CLANG_WARN_EMPTY_BODY = YES;
				CLANG_WARN_ENUM_CONVERSION = YES;
				CLANG_WARN_INFINITE_RECURSION = YES;
				CLANG_WARN_INT_CONVERSION = YES;
				CLANG_WARN_NON_LITERAL_NULL_CONVERSION = YES;
				CLANG_WARN_OBJC_IMPLICIT_RETAIN_SELF = YES;
				CLANG_WARN_OBJC_LITERAL_CONVERSION = YES;
				CLANG_WARN_OBJC_ROOT_CLASS = YES_ERROR;
				CLANG_WARN_QUOTED_INCLUDE_IN_FRAMEWORK_HEADER = YES;
				CLANG_WARN_RANGE_LOOP_ANALYSIS = YES;
				CLANG_WARN_STRICT_PROTOTYPES = YES;
				CLANG_WARN_SUSPICIOUS_MOVE = YES;
				CLANG_WARN_UNGUARDED_AVAILABILITY = YES_AGGRESSIVE;
				CLANG_WARN_UNREACHABLE_CODE = YES;
				CLANG_WARN__DUPLICATE_METHOD_MATCH = YES;
				COPY_PHASE_STRIP = NO;
				DEBUG_INFORMATION_FORMAT = dwarf;
				DEVELOPMENT_TEAM = JE5R9S88TC;
				ENABLE_STRICT_OBJC_MSGSEND = YES;
				ENABLE_TESTABILITY = YES;
				ENABLE_USER_SCRIPT_SANDBOXING = YES;
				GCC_C_LANGUAGE_STANDARD = gnu17;
				GCC_DYNAMIC_NO_PIC = NO;
				GCC_NO_COMMON_BLOCKS = YES;
				GCC_OPTIMIZATION_LEVEL = 0;
				GCC_PREPROCESSOR_DEFINITIONS = (
					"DEBUG=1",
					"$(inherited)",
				);
				GCC_WARN_64_TO_32_BIT_CONVERSION = YES;
				GCC_WARN_ABOUT_RETURN_TYPE = YES_ERROR;
				GCC_WARN_UNDECLARED_SELECTOR = YES;
				GCC_WARN_UNINITIALIZED_AUTOS = YES_AGGRESSIVE;
				GCC_WARN_UNUSED_FUNCTION = YES;
				GCC_WARN_UNUSED_VARIABLE = YES;
				IPHONEOS_DEPLOYMENT_TARGET = 26.2;
				LOCALIZATION_PREFERS_STRING_CATALOGS = YES;
				MTL_ENABLE_DEBUG_INFO = INCLUDE_SOURCE;
				MTL_FAST_MATH = YES;
				ONLY_ACTIVE_ARCH = YES;
				SDKROOT = iphoneos;
				SWIFT_ACTIVE_COMPILATION_CONDITIONS = "DEBUG $(inherited)";
				SWIFT_OPTIMIZATION_LEVEL = "-Onone";
			};
			name = Debug;
		};
		F1845EF82F59946000E27D2B /* Release */ = {
			isa = XCBuildConfiguration;
			buildSettings = {
				ALWAYS_SEARCH_USER_PATHS = NO;
				ASSETCATALOG_COMPILER_GENERATE_SWIFT_ASSET_SYMBOL_EXTENSIONS = YES;
				CLANG_ANALYZER_NONNULL = YES;
				CLANG_ANALYZER_NUMBER_OBJECT_CONVERSION = YES_AGGRESSIVE;
				CLANG_CXX_LANGUAGE_STANDARD = "gnu++20";
				CLANG_ENABLE_MODULES = YES;
				CLANG_ENABLE_OBJC_ARC = YES;
				CLANG_ENABLE_OBJC_WEAK = YES;
				CLANG_WARN_BLOCK_CAPTURE_AUTORELEASING = YES;
				CLANG_WARN_BOOL_CONVERSION = YES;
				CLANG_WARN_COMMA = YES;
				CLANG_WARN_CONSTANT_CONVERSION = YES;
				CLANG_WARN_DEPRECATED_OBJC_IMPLEMENTATIONS = YES;
				CLANG_WARN_DIRECT_OBJC_ISA_USAGE = YES_ERROR;
				CLANG_WARN_DOCUMENTATION_COMMENTS = YES;
				CLANG_WARN_EMPTY_BODY = YES;
				CLANG_WARN_ENUM_CONVERSION = YES;
				CLANG_WARN_INFINITE_RECURSION = YES;
				CLANG_WARN_INT_CONVERSION = YES;
				CLANG_WARN_NON_LITERAL_NULL_CONVERSION = YES;
				CLANG_WARN_OBJC_IMPLICIT_RETAIN_SELF = YES;
				CLANG_WARN_OBJC_LITERAL_CONVERSION = YES;
				CLANG_WARN_OBJC_ROOT_CLASS = YES_ERROR;
				CLANG_WARN_QUOTED_INCLUDE_IN_FRAMEWORK_HEADER = YES;
				CLANG_WARN_RANGE_LOOP_ANALYSIS = YES;
				CLANG_WARN_STRICT_PROTOTYPES = YES;
				CLANG_WARN_SUSPICIOUS_MOVE = YES;
				CLANG_WARN_UNGUARDED_AVAILABILITY = YES_AGGRESSIVE;
				CLANG_WARN_UNREACHABLE_CODE = YES;
				CLANG_WARN__DUPLICATE_METHOD_MATCH = YES;
				COPY_PHASE_STRIP = NO;
				DEBUG_INFORMATION_FORMAT = "dwarf-with-dsym";
				DEVELOPMENT_TEAM = JE5R9S88TC;
				ENABLE_NS_ASSERTIONS = NO;
				ENABLE_STRICT_OBJC_MSGSEND = YES;
				ENABLE_USER_SCRIPT_SANDBOXING = YES;
				GCC_C_LANGUAGE_STANDARD = gnu17;
				GCC_NO_COMMON_BLOCKS = YES;
				GCC_WARN_64_TO_32_BIT_CONVERSION = YES;
				GCC_WARN_ABOUT_RETURN_TYPE = YES_ERROR;
				GCC_WARN_UNDECLARED_SELECTOR = YES;
				GCC_WARN_UNINITIALIZED_AUTOS = YES_AGGRESSIVE;
				GCC_WARN_UNUSED_FUNCTION = YES;
				GCC_WARN_UNUSED_VARIABLE = YES;
				IPHONEOS_DEPLOYMENT_TARGET = 26.2;
				LOCALIZATION_PREFERS_STRING_CATALOGS = YES;
				MTL_ENABLE_DEBUG_INFO = NO;
				MTL_FAST_MATH = YES;
				SDKROOT = iphoneos;
				SWIFT_COMPILATION_MODE = wholemodule;
				VALIDATE_PRODUCT = YES;
			};
			name = Release;
		};
		F1845EFA2F59946000E27D2B /* Debug */ = {
			isa = XCBuildConfiguration;
			buildSettings = {
				ASSETCATALOG_COMPILER_APPICON_NAME = AppIcon;
				ASSETCATALOG_COMPILER_GLOBAL_ACCENT_COLOR_NAME = AccentColor;
				CODE_SIGN_STYLE = Automatic;
				CURRENT_PROJECT_VERSION = 1;
				DEVELOPMENT_TEAM = JE5R9S88TC;
				ENABLE_PREVIEWS = YES;
				GENERATE_INFOPLIST_FILE = YES;
				INFOPLIST_KEY_NSCameraUsageDescription = CAMERA_USAGE_DESCRIPTION;
				INFOPLIST_KEY_UIApplicationSupportsIndirectInputEvents = YES;
				INFOPLIST_KEY_UILaunchScreen_Generation = YES;
				INFOPLIST_KEY_UIRequiredDeviceCapabilities = arkit;
				INFOPLIST_KEY_UIStatusBarHidden = YES;
				INFOPLIST_KEY_UISupportedInterfaceOrientations_iPad = "UIInterfaceOrientationPortrait UIInterfaceOrientationPortraitUpsideDown UIInterfaceOrientationLandscapeLeft UIInterfaceOrientationLandscapeRight";
				INFOPLIST_KEY_UISupportedInterfaceOrientations_iPhone = "UIInterfaceOrientationPortrait UIInterfaceOrientationLandscapeLeft UIInterfaceOrientationLandscapeRight";
				LD_RUNPATH_SEARCH_PATHS = (
					"$(inherited)",
					"@executable_path/Frameworks",
				);
				MARKETING_VERSION = 1.0;
				PRODUCT_BUNDLE_IDENTIFIER = "swp8.P8-Product";
				PRODUCT_NAME = "$(TARGET_NAME)";
				STRING_CATALOG_GENERATE_SYMBOLS = YES;
				SWIFT_APPROACHABLE_CONCURRENCY = YES;
				SWIFT_DEFAULT_ACTOR_ISOLATION = MainActor;
				SWIFT_EMIT_LOC_STRINGS = YES;
				SWIFT_UPCOMING_FEATURE_MEMBER_IMPORT_VISIBILITY = YES;
				SWIFT_VERSION = 5.0;
				TARGETED_DEVICE_FAMILY = "1,2";
			};
			name = Debug;
		};
		F1845EFB2F59946000E27D2B /* Release */ = {
			isa = XCBuildConfiguration;
			buildSettings = {
				ASSETCATALOG_COMPILER_APPICON_NAME = AppIcon;
				ASSETCATALOG_COMPILER_GLOBAL_ACCENT_COLOR_NAME = AccentColor;
				CODE_SIGN_STYLE = Automatic;
				CURRENT_PROJECT_VERSION = 1;
				DEVELOPMENT_TEAM = JE5R9S88TC;
				ENABLE_PREVIEWS = YES;
				GENERATE_INFOPLIST_FILE = YES;
				INFOPLIST_KEY_NSCameraUsageDescription = CAMERA_USAGE_DESCRIPTION;
				INFOPLIST_KEY_UIApplicationSupportsIndirectInputEvents = YES;
				INFOPLIST_KEY_UILaunchScreen_Generation = YES;
				INFOPLIST_KEY_UIRequiredDeviceCapabilities = arkit;
				INFOPLIST_KEY_UIStatusBarHidden = YES;
				INFOPLIST_KEY_UISupportedInterfaceOrientations_iPad = "UIInterfaceOrientationPortrait UIInterfaceOrientationPortraitUpsideDown UIInterfaceOrientationLandscapeLeft UIInterfaceOrientationLandscapeRight";
				INFOPLIST_KEY_UISupportedInterfaceOrientations_iPhone = "UIInterfaceOrientationPortrait UIInterfaceOrientationLandscapeLeft UIInterfaceOrientationLandscapeRight";
				LD_RUNPATH_SEARCH_PATHS = (
					"$(inherited)",
					"@executable_path/Frameworks",
				);
				MARKETING_VERSION = 1.0;
				PRODUCT_BUNDLE_IDENTIFIER = "swp8.P8-Product";
				PRODUCT_NAME = "$(TARGET_NAME)";
				STRING_CATALOG_GENERATE_SYMBOLS = YES;
				SWIFT_APPROACHABLE_CONCURRENCY = YES;
				SWIFT_DEFAULT_ACTOR_ISOLATION = MainActor;
				SWIFT_EMIT_LOC_STRINGS = YES;
				SWIFT_UPCOMING_FEATURE_MEMBER_IMPORT_VISIBILITY = YES;
				SWIFT_VERSION = 5.0;
				TARGETED_DEVICE_FAMILY = "1,2";
			};
			name = Release;
		};
/* End XCBuildConfiguration section */

/* Begin XCConfigurationList section */
		F1845EE92F59945F00E27D2B /* Build configuration list for PBXProject "P8-Product" */ = {
			isa = XCConfigurationList;
			buildConfigurations = (
				F1845EF72F59946000E27D2B /* Debug */,
				F1845EF82F59946000E27D2B /* Release */,
			);
			defaultConfigurationIsVisible = 0;
			defaultConfigurationName = Release;
		};
		F1845EF92F59946000E27D2B /* Build configuration list for PBXNativeTarget "P8-Product" */ = {
			isa = XCConfigurationList;
			buildConfigurations = (
				F1845EFA2F59946000E27D2B /* Debug */,
				F1845EFB2F59946000E27D2B /* Release */,
			);
			defaultConfigurationIsVisible = 0;
			defaultConfigurationName = Release;
		};
/* End XCConfigurationList section */
	};
	rootObject = F1845EE62F59945F00E27D2B /* Project object */;
}
